
Microsoft Visual Studio Solution File, Format Version 12.00
# Visual Studio Version 16
VisualStudioVersion = 16.0.30225.117
MinimumVisualStudioVersion = 10.0.40219.1
Project("{FAE04EC0-301F-11D3-BF4B-00C04F79EFBC}") = "Project1", "Project1\Project1.csproj", "{05221A09-0AFE-46BA-804F-54034CF64174}"
EndProject
Project("{FAE04EC0-301F-11D3-BF4B-00C04F79EFBC}") = "Example1", "Example1\Example1.csproj", "{61DBD52B-987B-44F7-9A40-24C5837C3FCC}"
EndProject
Global
	GlobalSection(SolutionConfigurationPlatforms) = preSolution
		Debug|Any CPU = Debug|Any CPU
		Release|Any CPU = Release|Any CPU
	EndGlobalSection
	GlobalSection(ProjectConfigurationPlatforms) = postSolution
		{05221A09-0AFE-46BA-804F-54034CF64174}.Debug|Any CPU.ActiveCfg = Debug|Any CPU
		{05221A09-0AFE-46BA-804F-54034CF64174}.Debug|Any CPU.Build.0 = Debug|Any CPU
		{05221A09-0AFE-46BA-804F-54034CF64174}.Release|Any CPU.ActiveCfg = Release|Any CPU
		{05221A09-0AFE-46BA-804F-54034CF64174}.Release|Any CPU.Build.0 = Release|Any CPU
		{61DBD52B-987B-44F7-9A40-24C5837C3FCC}.Debug|Any CPU.ActiveCfg = Debug|Any CPU
		{61DBD52B-987B-44F7-9A40-24C5837C3FCC}.Debug|Any CPU.Build.0 = Debug|Any CPU
		{61DBD52B-987B-44F7-9A40-24C5837C3FCC}.Release|Any CPU.ActiveCfg = Release|Any CPU
		{61DBD52B-987B-44F7-9A40-24C5837C3FCC}.Release|Any CPU.Build.0 = Release|Any CPU
	EndGlobalSection
	GlobalSection(SolutionProperties) = preSolution
		HideSolutionNode = FALSE
	EndGlobalSection
	GlobalSection(ExtensibilityGlobals) = postSolution
		SolutionGuid = {25273712-3359-4BF3-91A7-12C1DA701069}
	EndGlobalSection
EndGlobal
